{
    "_readme": [
        "This file locks the dependencies of your project to a known state",
        "Read more about it at https://getcomposer.org/doc/01-basic-usage.md#installing-dependencies",
        "This file is @generated automatically"
    ],
    "content-hash": "907b736aacfcdf9307c441f96683f08d",
    "packages": [
        {
            "name": "jozoor/wp-templater",
            "version": "v1.0.1",
            "source": {
                "type": "git",
                "url": "https://github.com/mohamdio/wp-templater.git",
                "reference": "ffab164f245a3a7517b0e019faeea4f13a567b61"
            },
            "dist": {
                "type": "zip",
                "url": "https://api.github.com/repos/mohamdio/wp-templater/zipball/ffab164f245a3a7517b0e019faeea4f13a567b61",
                "reference": "ffab164f245a3a7517b0e019faeea4f13a567b61",
                "shasum": ""
            },
            "require": {
                "php": ">=5.6"
            },
            "require-dev": {
                "phpunit/phpunit": "5.7"
            },
            "type": "library",
            "autoload": {
                "psr-4": {
                    "JO\\Module\\Templater\\": "src/"
                }
            },
            "notification-url": "https://packagist.org/downloads/",
            "license": [
                "GPL-2.0+"
            ],
            "authors": [
                {
                    "name": "Mohamed Abd Elhalim",
                    "homepage": "https://mohamd.io/"
                }
            ],
            "description": "WordPress module to add custom ( page and post type ) templates with plugins.",
            "homepage": "https://github.com/mohamdio/wp-templater",
            "keywords": [
                "custom",
                "page",
                "post type",
                "templates",
                "wordpress"
            ],
            "support": {
                "issues": "https://github.com/mohamdio/wp-templater/issues",
                "source": "https://github.com/mohamdio/wp-templater/tree/master"
            },
            "time": "2019-12-04T08:14:45+00:00"
        }
    ],
    "packages-dev": [],
    "aliases": [],
    "minimum-stability": "stable",
    "stability-flags": [],
    "prefer-stable": false,
    "prefer-lowest": false,
    "platform": [],
    "platform-dev": [],
    "plugin-api-version": "2.3.0"
}
